Microsoft Visual Studio Solution File, Format Version 12.00
# Visual Studio Version 17
VisualStudioVersion = 17.5.2.0
MinimumVisualStudioVersion = 10.0.40219.1
Project("{FAE04EC0-301F-11D3-BF4B-00C04F79EFBC}") = "CompanionAI_Pathfinder", "CompanionAI_Pathfinder.csproj", "{A72EAE6A-ADAA-1C18-40FD-A4D592534350}"
EndProject
Global
	GlobalSection(SolutionConfigurationPlatforms) = preSolution
		Debug|Any CPU = Debug|Any CPU
		Release|Any CPU = Release|Any CPU
	EndGlobalSection
	GlobalSection(ProjectConfigurationPlatforms) = postSolution
		{A72EAE6A-ADAA-1C18-40FD-A4D592534350}.Debug|Any CPU.ActiveCfg = Debug|Any CPU
		{A72EAE6A-ADAA-1C18-40FD-A4D592534350}.Debug|Any CPU.Build.0 = Debug|Any CPU
		{A72EAE6A-ADAA-1C18-40FD-A4D592534350}.Release|Any CPU.ActiveCfg = Release|Any CPU
		{A72EAE6A-ADAA-1C18-40FD-A4D592534350}.Release|Any CPU.Build.0 = Release|Any CPU
	EndGlobalSection
	GlobalSection(SolutionProperties) = preSolution
		HideSolutionNode = FALSE
	EndGlobalSection
	GlobalSection(ExtensibilityGlobals) = postSolution
		SolutionGuid = {7A2987E2-921B-46BD-91B0-56CCAEAB0EC0}
	EndGlobalSection
EndGlobal
